
Microsoft Visual Studio Solution File, Format Version 12.00
# Visual Studio Version 17
VisualStudioVersion = 17.0.31919.166
MinimumVisualStudioVersion = 10.0.40219.1
Project("{FAE04EC0-301F-11D3-BF4B-00C04F79EFBC}") = "BF2JoinServerApp", "BF2JoinServerApp\BF2JoinServerApp.csproj", "{F5E15832-F5FF-4110-9865-85D0AC31E412}"
EndProject
Global
	GlobalSection(SolutionConfigurationPlatforms) = preSolution
		Debug|Any CPU = Debug|Any CPU
		Release|Any CPU = Release|Any CPU
	EndGlobalSection
	GlobalSection(ProjectConfigurationPlatforms) = postSolution
		{F5E15832-F5FF-4110-9865-85D0AC31E412}.Debug|Any CPU.ActiveCfg = Debug|Any CPU
		{F5E15832-F5FF-4110-9865-85D0AC31E412}.Debug|Any CPU.Build.0 = Debug|Any CPU
		{F5E15832-F5FF-4110-9865-85D0AC31E412}.Release|Any CPU.ActiveCfg = Release|Any CPU
		{F5E15832-F5FF-4110-9865-85D0AC31E412}.Release|Any CPU.Build.0 = Release|Any CPU
	EndGlobalSection
	GlobalSection(SolutionProperties) = preSolution
		HideSolutionNode = FALSE
	EndGlobalSection
	GlobalSection(ExtensibilityGlobals) = postSolution
		SolutionGuid = {98580752-0E99-454F-9FB0-D9DEA7500D72}
	EndGlobalSection
EndGlobal
